// !$*UTF8*$!
{
	archiveVersion = 1;
	classes = {
	};
	objectVersion = 50;
	objects = {

/* Begin PBXBuildFile section */
		0BD768D8274D0DC9007FC1C8 /* _vvvApp.swift in Sources */ = {isa = PBXBuildFile; fileRef = 0BD768C5274D0DC7007FC1C8 /* _vvvApp.swift */; };
		0BD768D9274D0DC9007FC1C8 /* _vvvApp.swift in Sources */ = {isa = PBXBuildFile; fileRef = 0BD768C5274D0DC7007FC1C8 /* _vvvApp.swift */; };
		0BD768DA274D0DC9007FC1C8 /* ContentView.swift in Sources */ = {isa = PBXBuildFile; fileRef = 0BD768C6274D0DC7007FC1C8 /* ContentView.swift */; };
		0BD768DB274D0DC9007FC1C8 /* ContentView.swift in Sources */ = {isa = PBXBuildFile; fileRef = 0BD768C6274D0DC7007FC1C8 /* ContentView.swift */; };
		0BD768DC274D0DC9007FC1C8 /* Assets.xcassets in Resources */ = {isa = PBXBuildFile; fileRef = 0BD768C7274D0DC9007FC1C8 /* Assets.xcassets */; };
		0BD768DD274D0DC9007FC1C8 /* Assets.xcassets in Resources */ = {isa = PBXBuildFile; fileRef = 0BD768C7274D0DC9007FC1C8 /* Assets.xcassets */; };
		0BD768E7274D1621007FC1C8 /* COde.swift in Sources */ = {isa = PBXBuildFile; fileRef = 0BD768E6274D1621007FC1C8 /* COde.swift */; };
		0BD768E8274D1621007FC1C8 /* COde.swift in Sources */ = {isa = PBXBuildFile; fileRef = 0BD768E6274D1621007FC1C8 /* COde.swift */; };
/* End PBXBuildFile section */

/* Begin PBXFileReference section */
		0BD768C5274D0DC7007FC1C8 /* _vvvApp.swift */ = {isa = PBXFileReference; lastKnownFileType = sourcecode.swift; path = _vvvApp.swift; sourceTree = "<group>"; };
		0BD768C6274D0DC7007FC1C8 /* ContentView.swift */ = {isa = PBXFileReference; lastKnownFileType = sourcecode.swift; path = ContentView.swift; sourceTree = "<group>"; };
		0BD768C7274D0DC9007FC1C8 /* Assets.xcassets */ = {isa = PBXFileReference; lastKnownFileType = folder.assetcatalog; path = Assets.xcassets; sourceTree = "<group>"; };
		0BD768CC274D0DC9007FC1C8 /* `vvv.app */ = {isa = PBXFileReference; explicitFileType = wrapper.application; includeInIndex = 0; path = "`vvv.app"; sourceTree = BUILT_PRODUCTS_DIR; };
		0BD768CF274D0DC9007FC1C8 /* Info.plist */ = {isa = PBXFileReference; lastKnownFileType = text.plist.xml; path = Info.plist; sourceTree = "<group>"; };
		0BD768D4274D0DC9007FC1C8 /* `vvv.app */ = {isa = PBXFileReference; explicitFileType = wrapper.application; includeInIndex = 0; path = "`vvv.app"; sourceTree = BUILT_PRODUCTS_DIR; };
		0BD768D6274D0DC9007FC1C8 /* Info.plist */ = {isa = PBXFileReference; lastKnownFileType = text.plist.xml; path = Info.plist; sourceTree = "<group>"; };
		0BD768D7274D0DC9007FC1C8 /* macOS.entitlements */ = {isa = PBXFileReference; lastKnownFileType = text.plist.entitlements; path = macOS.entitlements; sourceTree = "<group>"; };
		0BD768E6274D1621007FC1C8 /* COde.swift */ = {isa = PBXFileReference; lastKnownFileType = sourcecode.swift; path = COde.swift; sourceTree = "<group>"; };
/* End PBXFileReference section */

/* Begin PBXFrameworksBuildPhase section */
		0BD768C9274D0DC9007FC1C8 /* Frameworks */ = {
			isa = PBXFrameworksBuildPhase;
			buildActionMask = 2147483647;
			files = (
			);
			runOnlyForDeploymentPostprocessing = 0;
		};
		0BD768D1274D0DC9007FC1C8 /* Frameworks */ = {
			isa = PBXFrameworksBuildPhase;
			buildActionMask = 2147483647;
			files = (
			);
			runOnlyForDeploymentPostprocessing = 0;
		};
/* End PBXFrameworksBuildPhase section */

/* Begin PBXGroup section */
		0BD768BF274D0DC7007FC1C8 = {
			isa = PBXGroup;
			children = (
				0BD768C4274D0DC7007FC1C8 /* Shared */,
				0BD768CE274D0DC9007FC1C8 /* iOS */,
				0BD768D5274D0DC9007FC1C8 /* macOS */,
				0BD768CD274D0DC9007FC1C8 /* Products */,
			);
			sourceTree = "<group>";
		};
		0BD768C4274D0DC7007FC1C8 /* Shared */ = {
			isa = PBXGroup;
			children = (
				0BD768C5274D0DC7007FC1C8 /* _vvvApp.swift */,
				0BD768E6274D1621007FC1C8 /* COde.swift */,
				0BD768C6274D0DC7007FC1C8 /* ContentView.swift */,
				0BD768C7274D0DC9007FC1C8 /* Assets.xcassets */,
			);
			path = Shared;
			sourceTree = "<group>";
		};
		0BD768CD274D0DC9007FC1C8 /* Products */ = {
			isa = PBXGroup;
			children = (
				0BD768CC274D0DC9007FC1C8 /* `vvv.app */,
				0BD768D4274D0DC9007FC1C8 /* `vvv.app */,
			);
			name = Products;
			sourceTree = "<group>";
		};
		0BD768CE274D0DC9007FC1C8 /* iOS */ = {
			isa = PBXGroup;
			children = (
				0BD768CF274D0DC9007FC1C8 /* Info.plist */,
			);
			path = iOS;
			sourceTree = "<group>";
		};
		0BD768D5274D0DC9007FC1C8 /* macOS */ = {
			isa = PBXGroup;
			children = (
				0BD768D6274D0DC9007FC1C8 /* Info.plist */,
				0BD768D7274D0DC9007FC1C8 /* macOS.entitlements */,
			);
			path = macOS;
			sourceTree = "<group>";
		};
/* End PBXGroup section */

/* Begin PBXNativeTarget section */
		0BD768CB274D0DC9007FC1C8 /* `vvv (iOS) */ = {
			isa = PBXNativeTarget;
			buildConfigurationList = 0BD768E0274D0DC9007FC1C8 /* Build configuration list for PBXNativeTarget "`vvv (iOS)" */;
			buildPhases = (
				0BD768C8274D0DC9007FC1C8 /* Sources */,
				0BD768C9274D0DC9007FC1C8 /* Frameworks */,
				0BD768CA274D0DC9007FC1C8 /* Resources */,
			);
			buildRules = (
			);
			dependencies = (
			);
			name = "`vvv (iOS)";
			productName = "`vvv (iOS)";
			productReference = 0BD768CC274D0DC9007FC1C8 /* `vvv.app */;
			productType = "com.apple.product-type.application";
		};
		0BD768D3274D0DC9007FC1C8 /* `vvv (macOS) */ = {
			isa = PBXNativeTarget;
			buildConfigurationList = 0BD768E3274D0DC9007FC1C8 /* Build configuration list for PBXNativeTarget "`vvv (macOS)" */;
			buildPhases = (
				0BD768D0274D0DC9007FC1C8 /* Sources */,
				0BD768D1274D0DC9007FC1C8 /* Frameworks */,
				0BD768D2274D0DC9007FC1C8 /* Resources */,
			);
			buildRules = (
			);
			dependencies = (
			);
			name = "`vvv (macOS)";
			productName = "`vvv (macOS)";
			productReference = 0BD768D4274D0DC9007FC1C8 /* `vvv.app */;
			productType = "com.apple.product-type.application";
		};
/* End PBXNativeTarget section */

/* Begin PBXProject section */
		0BD768C0274D0DC7007FC1C8 /* Project object */ = {
			isa = PBXProject;
			attributes = {
				LastSwiftUpdateCheck = 1250;
				LastUpgradeCheck = 1250;
				TargetAttributes = {
					0BD768CB274D0DC9007FC1C8 = {
						CreatedOnToolsVersion = 12.5.1;
					};
					0BD768D3274D0DC9007FC1C8 = {
						CreatedOnToolsVersion = 12.5.1;
					};
				};
			};
			buildConfigurationList = 0BD768C3274D0DC7007FC1C8 /* Build configuration list for PBXProject "`vvv" */;
			compatibilityVersion = "Xcode 9.3";
			developmentRegion = en;
			hasScannedForEncodings = 0;
			knownRegions = (
				en,
				Base,
			);
			mainGroup = 0BD768BF274D0DC7007FC1C8;
			productRefGroup = 0BD768CD274D0DC9007FC1C8 /* Products */;
			projectDirPath = "";
			projectRoot = "";
			targets = (
				0BD768CB274D0DC9007FC1C8 /* `vvv (iOS) */,
				0BD768D3274D0DC9007FC1C8 /* `vvv (macOS) */,
			);
		};
/* End PBXProject section */

/* Begin PBXResourcesBuildPhase section */
		0BD768CA274D0DC9007FC1C8 /* Resources */ = {
			isa = PBXResourcesBuildPhase;
			buildActionMask = 2147483647;
			files = (
				0BD768DC274D0DC9007FC1C8 /* Assets.xcassets in Resources */,
			);
			runOnlyForDeploymentPostprocessing = 0;
		};
		0BD768D2274D0DC9007FC1C8 /* Resources */ = {
			isa = PBXResourcesBuildPhase;
			buildActionMask = 2147483647;
			files = (
				0BD768DD274D0DC9007FC1C8 /* Assets.xcassets in Resources */,
			);
			runOnlyForDeploymentPostprocessing = 0;
		};
/* End PBXResourcesBuildPhase section */

/* Begin PBXSourcesBuildPhase section */
		0BD768C8274D0DC9007FC1C8 /* Sources */ = {
			isa = PBXSourcesBuildPhase;
			buildActionMask = 2147483647;
			files = (
				0BD768DA274D0DC9007FC1C8 /* ContentView.swift in Sources */,
				0BD768D8274D0DC9007FC1C8 /* _vvvApp.swift in Sources */,
				0BD768E7274D1621007FC1C8 /* COde.swift in Sources */,
			);
			runOnlyForDeploymentPostprocessing = 0;
		};
		0BD768D0274D0DC9007FC1C8 /* Sources */ = {
			isa = PBXSourcesBuildPhase;
			buildActionMask = 2147483647;
			files = (
				0BD768DB274D0DC9007FC1C8 /* ContentView.swift in Sources */,
				0BD768D9274D0DC9007FC1C8 /* _vvvApp.swift in Sources */,
				0BD768E8274D1621007FC1C8 /* COde.swift in Sources */,
			);
			runOnlyForDeploymentPostprocessing = 0;
		};
/* End PBXSourcesBuildPhase section */

/* Begin XCBuildConfiguration section */
		0BD768DE274D0DC9007FC1C8 /* Debug */ = {
			isa = XCBuildConfiguration;
			buildSettings = {
				ALWAYS_SEARCH_USER_PATHS = NO;
				CLANG_ANALYZER_NONNULL = YES;
				CLANG_ANALYZER_NUMBER_OBJECT_CONVERSION = YES_AGGRESSIVE;
				CLANG_CXX_LANGUAGE_STANDARD = "gnu++14";
				CLANG_CXX_LIBRARY = "libc++";
				CLANG_ENABLE_MODULES = YES;
				CLANG_ENABLE_OBJC_ARC = YES;
				CLANG_ENABLE_OBJC_WEAK = YES;
				CLANG_WARN_BLOCK_CAPTURE_AUTORELEASING = YES;
				CLANG_WARN_BOOL_CONVERSION = YES;
				CLANG_WARN_COMMA = YES;
				CLANG_WARN_CONSTANT_CONVERSION = YES;
				CLANG_WARN_DEPRECATED_OBJC_IMPLEMENTATIONS = YES;
				CLANG_WARN_DIRECT_OBJC_ISA_USAGE = YES_ERROR;
				CLANG_WARN_DOCUMENTATION_COMMENTS = YES;
				CLANG_WARN_EMPTY_BODY = YES;
				CLANG_WARN_ENUM_CONVERSION = YES;
				CLANG_WARN_INFINITE_RECURSION = YES;
				CLANG_WARN_INT_CONVERSION = YES;
				CLANG_WARN_NON_LITERAL_NULL_CONVERSION = YES;
				CLANG_WARN_OBJC_IMPLICIT_RETAIN_SELF = YES;
				CLANG_WARN_OBJC_LITERAL_CONVERSION = YES;
				CLANG_WARN_OBJC_ROOT_CLASS = YES_ERROR;
				CLANG_WARN_QUOTED_INCLUDE_IN_FRAMEWORK_HEADER = YES;
				CLANG_WARN_RANGE_LOOP_ANALYSIS = YES;
				CLANG_WARN_STRICT_PROTOTYPES = YES;
				CLANG_WARN_SUSPICIOUS_MOVE = YES;
				CLANG_WARN_UNGUARDED_AVAILABILITY = YES_AGGRESSIVE;
				CLANG_WARN_UNREACHABLE_CODE = YES;
				CLANG_WARN__DUPLICATE_METHOD_MATCH = YES;
				COPY_PHASE_STRIP = NO;
				DEBUG_INFORMATION_FORMAT = dwarf;
				ENABLE_STRICT_OBJC_MSGSEND = YES;
				ENABLE_TESTABILITY = YES;
				GCC_C_LANGUAGE_STANDARD = gnu11;
				GCC_DYNAMIC_NO_PIC = NO;
				GCC_NO_COMMON_BLOCKS = YES;
				GCC_OPTIMIZATION_LEVEL = 0;
				GCC_PREPROCESSOR_DEFINITIONS = (
					"DEBUG=1",
					"$(inherited)",
				);
				GCC_WARN_64_TO_32_BIT_CONVERSION = YES;
				GCC_WARN_ABOUT_RETURN_TYPE = YES_ERROR;
				GCC_WARN_UNDECLARED_SELECTOR = YES;
				GCC_WARN_UNINITIALIZED_AUTOS = YES_AGGRESSIVE;
				GCC_WARN_UNUSED_FUNCTION = YES;
				GCC_WARN_UNUSED_VARIABLE = YES;
				MTL_ENABLE_DEBUG_INFO = INCLUDE_SOURCE;
				MTL_FAST_MATH = YES;
				ONLY_ACTIVE_ARCH = YES;
				SWIFT_ACTIVE_COMPILATION_CONDITIONS = DEBUG;
				SWIFT_OPTIMIZATION_LEVEL = "-Onone";
			};
			name = Debug;
		};
		0BD768DF274D0DC9007FC1C8 /* Release */ = {
			isa = XCBuildConfiguration;
			buildSettings = {
				ALWAYS_SEARCH_USER_PATHS = NO;
				CLANG_ANALYZER_NONNULL = YES;
				CLANG_ANALYZER_NUMBER_OBJECT_CONVERSION = YES_AGGRESSIVE;
				CLANG_CXX_LANGUAGE_STANDARD = "gnu++14";
				CLANG_CXX_LIBRARY = "libc++";
				CLANG_ENABLE_MODULES = YES;
				CLANG_ENABLE_OBJC_ARC = YES;
				CLANG_ENABLE_OBJC_WEAK = YES;
				CLANG_WARN_BLOCK_CAPTURE_AUTORELEASING = YES;
				CLANG_WARN_BOOL_CONVERSION = YES;
				CLANG_WARN_COMMA = YES;
				CLANG_WARN_CONSTANT_CONVERSION = YES;
				CLANG_WARN_DEPRECATED_OBJC_IMPLEMENTATIONS = YES;
				CLANG_WARN_DIRECT_OBJC_ISA_USAGE = YES_ERROR;
				CLANG_WARN_DOCUMENTATION_COMMENTS = YES;
				CLANG_WARN_EMPTY_BODY = YES;
				CLANG_WARN_ENUM_CONVERSION = YES;
				CLANG_WARN_INFINITE_RECURSION = YES;
				CLANG_WARN_INT_CONVERSION = YES;
				CLANG_WARN_NON_LITERAL_NULL_CONVERSION = YES;
				CLANG_WARN_OBJC_IMPLICIT_RETAIN_SELF = YES;
				CLANG_WARN_OBJC_LITERAL_CONVERSION = YES;
				CLANG_WARN_OBJC_ROOT_CLASS = YES_ERROR;
				CLANG_WARN_QUOTED_INCLUDE_IN_FRAMEWORK_HEADER = YES;
				CLANG_WARN_RANGE_LOOP_ANALYSIS = YES;
				CLANG_WARN_STRICT_PROTOTYPES = YES;
				CLANG_WARN_SUSPICIOUS_MOVE = YES;
				CLANG_WARN_UNGUARDED_AVAILABILITY = YES_AGGRESSIVE;
				CLANG_WARN_UNREACHABLE_CODE = YES;
				CLANG_WARN__DUPLICATE_METHOD_MATCH = YES;
				COPY_PHASE_STRIP = NO;
				DEBUG_INFORMATION_FORMAT = "dwarf-with-dsym";
				ENABLE_NS_ASSERTIONS = NO;
				ENABLE_STRICT_OBJC_MSGSEND = YES;
				GCC_C_LANGUAGE_STANDARD = gnu11;
				GCC_NO_COMMON_BLOCKS = YES;
				GCC_WARN_64_TO_32_BIT_CONVERSION = YES;
				GCC_WARN_ABOUT_RETURN_TYPE = YES_ERROR;
				GCC_WARN_UNDECLARED_SELECTOR = YES;
				GCC_WARN_UNINITIALIZED_AUTOS = YES_AGGRESSIVE;
				GCC_WARN_UNUSED_FUNCTION = YES;
				GCC_WARN_UNUSED_VARIABLE = YES;
				MTL_ENABLE_DEBUG_INFO = NO;
				MTL_FAST_MATH = YES;
				SWIFT_COMPILATION_MODE = wholemodule;
				SWIFT_OPTIMIZATION_LEVEL = "-O";
			};
			name = Release;
		};
		0BD768E1274D0DC9007FC1C8 /* Debug */ = {
			isa = XCBuildConfiguration;
			buildSettings = {
				ASSETCATALOG_COMPILER_APPICON_NAME = AppIcon;
				ASSETCATALOG_COMPILER_GLOBAL_ACCENT_COLOR_NAME = AccentColor;
				CODE_SIGN_STYLE = Automatic;
				ENABLE_PREVIEWS = YES;
				INFOPLIST_FILE = iOS/Info.plist;
				IPHONEOS_DEPLOYMENT_TARGET = 14.0;
				LD_RUNPATH_SEARCH_PATHS = (
					"$(inherited)",
					"@executable_path/Frameworks",
				);
				PRODUCT_BUNDLE_IDENTIFIER = "belyevFamDev.com.my.-vvv";
				PRODUCT_NAME = "`vvv";
				SDKROOT = iphoneos;
				SWIFT_VERSION = 5.0;
				TARGETED_DEVICE_FAMILY = "1,2";
			};
			name = Debug;
		};
		0BD768E2274D0DC9007FC1C8 /* Release */ = {
			isa = XCBuildConfiguration;
			buildSettings = {
				ASSETCATALOG_COMPILER_APPICON_NAME = AppIcon;
				ASSETCATALOG_COMPILER_GLOBAL_ACCENT_COLOR_NAME = AccentColor;
				CODE_SIGN_STYLE = Automatic;
				ENABLE_PREVIEWS = YES;
				INFOPLIST_FILE = iOS/Info.plist;
				IPHONEOS_DEPLOYMENT_TARGET = 14.0;
				LD_RUNPATH_SEARCH_PATHS = (
					"$(inherited)",
					"@executable_path/Frameworks",
				);
				PRODUCT_BUNDLE_IDENTIFIER = "belyevFamDev.com.my.-vvv";
				PRODUCT_NAME = "`vvv";
				SDKROOT = iphoneos;
				SWIFT_VERSION = 5.0;
				TARGETED_DEVICE_FAMILY = "1,2";
				VALIDATE_PRODUCT = YES;
			};
			name = Release;
		};
		0BD768E4274D0DC9007FC1C8 /* Debug */ = {
			isa = XCBuildConfiguration;
			buildSettings = {
				ASSETCATALOG_COMPILER_APPICON_NAME = AppIcon;
				ASSETCATALOG_COMPILER_GLOBAL_ACCENT_COLOR_NAME = AccentColor;
				CODE_SIGN_ENTITLEMENTS = macOS/macOS.entitlements;
				CODE_SIGN_STYLE = Automatic;
				COMBINE_HIDPI_IMAGES = YES;
				ENABLE_PREVIEWS = YES;
				INFOPLIST_FILE = macOS/Info.plist;
				LD_RUNPATH_SEARCH_PATHS = (
					"$(inherited)",
					"@executable_path/../Frameworks",
				);
				MACOSX_DEPLOYMENT_TARGET = 11.0;
				PRODUCT_BUNDLE_IDENTIFIER = "belyevFamDev.com.my.-vvv";
				PRODUCT_NAME = "`vvv";
				SDKROOT = macosx;
				SWIFT_VERSION = 5.0;
			};
			name = Debug;
		};
		0BD768E5274D0DC9007FC1C8 /* Release */ = {
			isa = XCBuildConfiguration;
			buildSettings = {
				ASSETCATALOG_COMPILER_APPICON_NAME = AppIcon;
				ASSETCATALOG_COMPILER_GLOBAL_ACCENT_COLOR_NAME = AccentColor;
				CODE_SIGN_ENTITLEMENTS = macOS/macOS.entitlements;
				CODE_SIGN_STYLE = Automatic;
				COMBINE_HIDPI_IMAGES = YES;
				ENABLE_PREVIEWS = YES;
				INFOPLIST_FILE = macOS/Info.plist;
				LD_RUNPATH_SEARCH_PATHS = (
					"$(inherited)",
					"@executable_path/../Frameworks",
				);
				MACOSX_DEPLOYMENT_TARGET = 11.0;
				PRODUCT_BUNDLE_IDENTIFIER = "belyevFamDev.com.my.-vvv";
				PRODUCT_NAME = "`vvv";
				SDKROOT = macosx;
				SWIFT_VERSION = 5.0;
			};
			name = Release;
		};
/* End XCBuildConfiguration section */

/* Begin XCConfigurationList section */
		0BD768C3274D0DC7007FC1C8 /* Build configuration list for PBXProject "`vvv" */ = {
			isa = XCConfigurationList;
			buildConfigurations = (
				0BD768DE274D0DC9007FC1C8 /* Debug */,
				0BD768DF274D0DC9007FC1C8 /* Release */,
			);
			defaultConfigurationIsVisible = 0;
			defaultConfigurationName = Release;
		};
		0BD768E0274D0DC9007FC1C8 /* Build configuration list for PBXNativeTarget "`vvv (iOS)" */ = {
			isa = XCConfigurationList;
			buildConfigurations = (
				0BD768E1274D0DC9007FC1C8 /* Debug */,
				0BD768E2274D0DC9007FC1C8 /* Release */,
			);
			defaultConfigurationIsVisible = 0;
			defaultConfigurationName = Release;
		};
		0BD768E3274D0DC9007FC1C8 /* Build configuration list for PBXNativeTarget "`vvv (macOS)" */ = {
			isa = XCConfigurationList;
			buildConfigurations = (
				0BD768E4274D0DC9007FC1C8 /* Debug */,
				0BD768E5274D0DC9007FC1C8 /* Release */,
			);
			defaultConfigurationIsVisible = 0;
			defaultConfigurationName = Release;
		};
/* End XCConfigurationList section */
	};
	rootObject = 0BD768C0274D0DC7007FC1C8 /* Project object */;
}
